
Microsoft Visual Studio Solution File, Format Version 12.00
# Visual Studio Version 17
VisualStudioVersion = 17.14.36408.4
MinimumVisualStudioVersion = 10.0.40219.1
Project("{FAE04EC0-301F-11D3-BF4B-00C04F79EFBC}") = "POC.TickerQ.WebAPI", "POC.TickerQ.WebAPI\POC.TickerQ.WebAPI.csproj", "{FB9ECECC-A47A-4E3C-8517-6E25728443B6}"
EndProject
Project("{FAE04EC0-301F-11D3-BF4B-00C04F79EFBC}") = "POC.TickerQ.Common", "POC.TickerQ.Common\POC.TickerQ.Common.csproj", "{6C34A084-B353-4E15-BA0C-7B25CC8B590D}"
EndProject
Project("{FAE04EC0-301F-11D3-BF4B-00C04F79EFBC}") = "POC.TickerQ.Jobs", "POC.TickerQ.Jobs\POC.TickerQ.Jobs.csproj", "{7D123B87-54D9-444D-9486-3D1402915AC0}"
EndProject
Global
	GlobalSection(SolutionConfigurationPlatforms) = preSolution
		Debug|Any CPU = Debug|Any CPU
		Release|Any CPU = Release|Any CPU
	EndGlobalSection
	GlobalSection(ProjectConfigurationPlatforms) = postSolution
		{FB9ECECC-A47A-4E3C-8517-6E25728443B6}.Debug|Any CPU.ActiveCfg = Debug|Any CPU
		{FB9ECECC-A47A-4E3C-8517-6E25728443B6}.Debug|Any CPU.Build.0 = Debug|Any CPU
		{FB9ECECC-A47A-4E3C-8517-6E25728443B6}.Release|Any CPU.ActiveCfg = Release|Any CPU
		{FB9ECECC-A47A-4E3C-8517-6E25728443B6}.Release|Any CPU.Build.0 = Release|Any CPU
		{6C34A084-B353-4E15-BA0C-7B25CC8B590D}.Debug|Any CPU.ActiveCfg = Debug|Any CPU
		{6C34A084-B353-4E15-BA0C-7B25CC8B590D}.Debug|Any CPU.Build.0 = Debug|Any CPU
		{6C34A084-B353-4E15-BA0C-7B25CC8B590D}.Release|Any CPU.ActiveCfg = Release|Any CPU
		{6C34A084-B353-4E15-BA0C-7B25CC8B590D}.Release|Any CPU.Build.0 = Release|Any CPU
		{7D123B87-54D9-444D-9486-3D1402915AC0}.Debug|Any CPU.ActiveCfg = Debug|Any CPU
		{7D123B87-54D9-444D-9486-3D1402915AC0}.Debug|Any CPU.Build.0 = Debug|Any CPU
		{7D123B87-54D9-444D-9486-3D1402915AC0}.Release|Any CPU.ActiveCfg = Release|Any CPU
		{7D123B87-54D9-444D-9486-3D1402915AC0}.Release|Any CPU.Build.0 = Release|Any CPU
	EndGlobalSection
	GlobalSection(SolutionProperties) = preSolution
		HideSolutionNode = FALSE
	EndGlobalSection
	GlobalSection(ExtensibilityGlobals) = postSolution
		SolutionGuid = {46099940-C18A-44FC-8819-A3D0057DD7BB}
	EndGlobalSection
EndGlobal
